action_id: block-test
workstream:
  name: harness-test
  category: runner
risk_class: green
requested_mode: dry_run
working_directory: /tmp
intent:
  summary: test
  objective: test
commands:
  allowed: [rm]
  forbidden: []
files:
  read: [/tmp]
  write: []
  delete: []
external_services:
  enabled: []
  blocked: ["*"]
git:
  allow_add: false
  allow_commit: false
  allow_push: false
  branch: main
memory:
  allow_read: true
  allow_write: false
skills:
  allow_create: false
  allow_modify: false
governance:
  allow_modify: false
evidence_requirements:
  required_before_execution: []
  required_after_execution: []
acceptance_criteria: [true]
forbidden_patterns: ["*"]
rollback_plan:
  description: none
  safe_restore_point: none
kill_switch:
  enabled: true
  path: /tmp/kill